
Microsoft Visual Studio Solution File, Format Version 12.00
# Visual Studio 2012
Project("{FAE04EC0-301F-11D3-BF4B-00C04F79EFBC}") = "Xam.RMessage", "Xam.RMessage\Xam.RMessage.csproj", "{E7553A11-B162-44EB-B975-92575CC04FF5}"
EndProject
Project("{FAE04EC0-301F-11D3-BF4B-00C04F79EFBC}") = "Xam.RMessage.iOS", "Xam.RMessage.iOS\Xam.RMessage.iOS.csproj", "{FD5E05DE-A329-4796-9774-62F6B2158BC8}"
EndProject
Global
	GlobalSection(SolutionConfigurationPlatforms) = preSolution
		Debug|Any CPU = Debug|Any CPU
		Release|Any CPU = Release|Any CPU
		Debug|iPhoneSimulator = Debug|iPhoneSimulator
		Release|iPhone = Release|iPhone
		Release|iPhoneSimulator = Release|iPhoneSimulator
		Debug|iPhone = Debug|iPhone
	EndGlobalSection
	GlobalSection(ProjectConfigurationPlatforms) = postSolution
		{E7553A11-B162-44EB-B975-92575CC04FF5}.Debug|Any CPU.ActiveCfg = Debug|Any CPU
		{E7553A11-B162-44EB-B975-92575CC04FF5}.Debug|Any CPU.Build.0 = Debug|Any CPU
		{E7553A11-B162-44EB-B975-92575CC04FF5}.Release|Any CPU.ActiveCfg = Release|Any CPU
		{E7553A11-B162-44EB-B975-92575CC04FF5}.Release|Any CPU.Build.0 = Release|Any CPU
		{E7553A11-B162-44EB-B975-92575CC04FF5}.Debug|iPhoneSimulator.ActiveCfg = Debug|Any CPU
		{E7553A11-B162-44EB-B975-92575CC04FF5}.Debug|iPhoneSimulator.Build.0 = Debug|Any CPU
		{E7553A11-B162-44EB-B975-92575CC04FF5}.Release|iPhone.ActiveCfg = Release|Any CPU
		{E7553A11-B162-44EB-B975-92575CC04FF5}.Release|iPhone.Build.0 = Release|Any CPU
		{E7553A11-B162-44EB-B975-92575CC04FF5}.Release|iPhoneSimulator.ActiveCfg = Release|Any CPU
		{E7553A11-B162-44EB-B975-92575CC04FF5}.Release|iPhoneSimulator.Build.0 = Release|Any CPU
		{E7553A11-B162-44EB-B975-92575CC04FF5}.Debug|iPhone.ActiveCfg = Debug|Any CPU
		{E7553A11-B162-44EB-B975-92575CC04FF5}.Debug|iPhone.Build.0 = Debug|Any CPU
		{FD5E05DE-A329-4796-9774-62F6B2158BC8}.Debug|Any CPU.ActiveCfg = Debug|iPhoneSimulator
		{FD5E05DE-A329-4796-9774-62F6B2158BC8}.Debug|Any CPU.Build.0 = Debug|iPhoneSimulator
		{FD5E05DE-A329-4796-9774-62F6B2158BC8}.Release|Any CPU.ActiveCfg = Release|iPhone
		{FD5E05DE-A329-4796-9774-62F6B2158BC8}.Release|Any CPU.Build.0 = Release|iPhone
		{FD5E05DE-A329-4796-9774-62F6B2158BC8}.Debug|iPhoneSimulator.ActiveCfg = Debug|iPhoneSimulator
		{FD5E05DE-A329-4796-9774-62F6B2158BC8}.Debug|iPhoneSimulator.Build.0 = Debug|iPhoneSimulator
		{FD5E05DE-A329-4796-9774-62F6B2158BC8}.Release|iPhone.ActiveCfg = Release|iPhone
		{FD5E05DE-A329-4796-9774-62F6B2158BC8}.Release|iPhone.Build.0 = Release|iPhone
		{FD5E05DE-A329-4796-9774-62F6B2158BC8}.Release|iPhoneSimulator.ActiveCfg = Release|iPhoneSimulator
		{FD5E05DE-A329-4796-9774-62F6B2158BC8}.Release|iPhoneSimulator.Build.0 = Release|iPhoneSimulator
		{FD5E05DE-A329-4796-9774-62F6B2158BC8}.Debug|iPhone.ActiveCfg = Debug|iPhone
		{FD5E05DE-A329-4796-9774-62F6B2158BC8}.Debug|iPhone.Build.0 = Debug|iPhone
	EndGlobalSection
EndGlobal
